
Microsoft Visual Studio Solution File, Format Version 12.00
# Visual Studio Version 17
VisualStudioVersion = 17.10.35013.160
MinimumVisualStudioVersion = 10.0.40219.1
Project("{FAE04EC0-301F-11D3-BF4B-00C04F79EFBC}") = "TicTacToeApp", "TicTacToeApp.csproj", "{28D63C70-9A99-4783-B37B-0FB73720E12E}"
EndProject
Global
	GlobalSection(SolutionConfigurationPlatforms) = preSolution
		Debug|Any CPU = Debug|Any CPU
		Release|Any CPU = Release|Any CPU
	EndGlobalSection
	GlobalSection(ProjectConfigurationPlatforms) = postSolution
		{28D63C70-9A99-4783-B37B-0FB73720E12E}.Debug|Any CPU.ActiveCfg = Debug|Any CPU
		{28D63C70-9A99-4783-B37B-0FB73720E12E}.Debug|Any CPU.Build.0 = Debug|Any CPU
		{28D63C70-9A99-4783-B37B-0FB73720E12E}.Release|Any CPU.ActiveCfg = Release|Any CPU
		{28D63C70-9A99-4783-B37B-0FB73720E12E}.Release|Any CPU.Build.0 = Release|Any CPU
	EndGlobalSection
	GlobalSection(SolutionProperties) = preSolution
		HideSolutionNode = FALSE
	EndGlobalSection
	GlobalSection(ExtensibilityGlobals) = postSolution
		SolutionGuid = {FBCC8D33-CC98-4C90-B61D-43A281CC0D2D}
	EndGlobalSection
EndGlobal
